
Microsoft Visual Studio Solution File, Format Version 12.00
# Visual Studio Version 17
VisualStudioVersion = 17.2.32526.322
MinimumVisualStudioVersion = 10.0.40219.1
Project("{FAE04EC0-301F-11D3-BF4B-00C04F79EFBC}") = "Cut the Tree", "Cut the Tree\Cut the Tree.csproj", "{29DAE924-0828-43A6-B474-2ECA60624FDA}"
EndProject
Global
	GlobalSection(SolutionConfigurationPlatforms) = preSolution
		Debug|Any CPU = Debug|Any CPU
		Release|Any CPU = Release|Any CPU
	EndGlobalSection
	GlobalSection(ProjectConfigurationPlatforms) = postSolution
		{29DAE924-0828-43A6-B474-2ECA60624FDA}.Debug|Any CPU.ActiveCfg = Debug|Any CPU
		{29DAE924-0828-43A6-B474-2ECA60624FDA}.Debug|Any CPU.Build.0 = Debug|Any CPU
		{29DAE924-0828-43A6-B474-2ECA60624FDA}.Release|Any CPU.ActiveCfg = Release|Any CPU
		{29DAE924-0828-43A6-B474-2ECA60624FDA}.Release|Any CPU.Build.0 = Release|Any CPU
	EndGlobalSection
	GlobalSection(SolutionProperties) = preSolution
		HideSolutionNode = FALSE
	EndGlobalSection
	GlobalSection(ExtensibilityGlobals) = postSolution
		SolutionGuid = {83C164A4-3F3E-4088-A67B-56ECE10430FE}
	EndGlobalSection
EndGlobal
